
Microsoft Visual Studio Solution File, Format Version 12.00
# Visual Studio Version 17
VisualStudioVersion = 17.5.002.0
MinimumVisualStudioVersion = 10.0.40219.1
Project("{9A19103F-16F7-4668-BE54-9A1E7A4F7556}") = "TestApi", "TestApi.csproj", "{242AE9ED-3055-4DAA-B246-51C36105A6CA}"
EndProject
Global
	GlobalSection(SolutionConfigurationPlatforms) = preSolution
		Debug|Any CPU = Debug|Any CPU
		Release|Any CPU = Release|Any CPU
	EndGlobalSection
	GlobalSection(ProjectConfigurationPlatforms) = postSolution
		{242AE9ED-3055-4DAA-B246-51C36105A6CA}.Debug|Any CPU.ActiveCfg = Debug|Any CPU
		{242AE9ED-3055-4DAA-B246-51C36105A6CA}.Debug|Any CPU.Build.0 = Debug|Any CPU
		{242AE9ED-3055-4DAA-B246-51C36105A6CA}.Release|Any CPU.ActiveCfg = Release|Any CPU
		{242AE9ED-3055-4DAA-B246-51C36105A6CA}.Release|Any CPU.Build.0 = Release|Any CPU
	EndGlobalSection
	GlobalSection(SolutionProperties) = preSolution
		HideSolutionNode = FALSE
	EndGlobalSection
	GlobalSection(ExtensibilityGlobals) = postSolution
		SolutionGuid = {2E6D294A-ED1F-471B-8818-B5A48A545E2C}
	EndGlobalSection
EndGlobal
